// !$*UTF8*$!
{
	archiveVersion = 1;
	classes = {
	};
	objectVersion = 56;
	objects = {

/* Begin PBXBuildFile section */
		9C8EDCAF2BC81D120042D449 /* CoinsDDCApp.swift in Sources */ = {isa = PBXBuildFile; fileRef = 9C8EDCAE2BC81D120042D449 /* CoinsDDCApp.swift */; };
		9C8EDCB12BC81D120042D449 /* ContentView.swift in Sources */ = {isa = PBXBuildFile; fileRef = 9C8EDCB02BC81D120042D449 /* ContentView.swift */; };
		9C8EDCB32BC81D140042D449 /* Assets.xcassets in Resources */ = {isa = PBXBuildFile; fileRef = 9C8EDCB22BC81D140042D449 /* Assets.xcassets */; };
		9C8EDCB62BC81D140042D449 /* Preview Assets.xcassets in Resources */ = {isa = PBXBuildFile; fileRef = 9C8EDCB52BC81D140042D449 /* Preview Assets.xcassets */; };
		9C8EDCBD2BC81D420042D449 /* ListaViewView.swift in Sources */ = {isa = PBXBuildFile; fileRef = 9C8EDCBC2BC81D420042D449 /* ListaViewView.swift */; };
		9C8EDCCD2BC81E790042D449 /* Manager.swift in Sources */ = {isa = PBXBuildFile; fileRef = 9C8EDCCC2BC81E790042D449 /* Manager.swift */; };
		9C8EDCD02BC822A70042D449 /* CoinModel.swift in Sources */ = {isa = PBXBuildFile; fileRef = 9C8EDCCF2BC822A70042D449 /* CoinModel.swift */; };
		9C8EDCD32BC850F00042D449 /* CoinDataModel.swift in Sources */ = {isa = PBXBuildFile; fileRef = 9C8EDCD22BC850F00042D449 /* CoinDataModel.swift */; };
		9C8EDCD52BC85ABF0042D449 /* CurrencyEnum.swift in Sources */ = {isa = PBXBuildFile; fileRef = 9C8EDCD42BC85ABF0042D449 /* CurrencyEnum.swift */; };
		9C8EDCD82BC860A60042D449 /* CoinModel.xcdatamodeld in Sources */ = {isa = PBXBuildFile; fileRef = 9C8EDCD62BC860A60042D449 /* CoinModel.xcdatamodeld */; };
		9C8EDCDC2BC8622F0042D449 /* Erros.swift in Sources */ = {isa = PBXBuildFile; fileRef = 9C8EDCDB2BC8622F0042D449 /* Erros.swift */; };
		9C8EDCDE2BC8AAC40042D449 /* DetalheView.swift in Sources */ = {isa = PBXBuildFile; fileRef = 9C8EDCDD2BC8AAC40042D449 /* DetalheView.swift */; };
		9C8EDCE22BC9866E0042D449 /* FavoritosView.swift in Sources */ = {isa = PBXBuildFile; fileRef = 9C8EDCE12BC9866E0042D449 /* FavoritosView.swift */; };
/* End PBXBuildFile section */

/* Begin PBXFileReference section */
		9C8EDCAB2BC81D120042D449 /* CoinsDDC.app */ = {isa = PBXFileReference; explicitFileType = wrapper.application; includeInIndex = 0; path = CoinsDDC.app; sourceTree = BUILT_PRODUCTS_DIR; };
		9C8EDCAE2BC81D120042D449 /* CoinsDDCApp.swift */ = {isa = PBXFileReference; lastKnownFileType = sourcecode.swift; path = CoinsDDCApp.swift; sourceTree = "<group>"; };
		9C8EDCB02BC81D120042D449 /* ContentView.swift */ = {isa = PBXFileReference; lastKnownFileType = sourcecode.swift; path = ContentView.swift; sourceTree = "<group>"; };
		9C8EDCB22BC81D140042D449 /* Assets.xcassets */ = {isa = PBXFileReference; lastKnownFileType = folder.assetcatalog; path = Assets.xcassets; sourceTree = "<group>"; };
		9C8EDCB52BC81D140042D449 /* Preview Assets.xcassets */ = {isa = PBXFileReference; lastKnownFileType = folder.assetcatalog; path = "Preview Assets.xcassets"; sourceTree = "<group>"; };
		9C8EDCBC2BC81D420042D449 /* ListaViewView.swift */ = {isa = PBXFileReference; lastKnownFileType = sourcecode.swift; path = ListaViewView.swift; sourceTree = "<group>"; };
		9C8EDCCC2BC81E790042D449 /* Manager.swift */ = {isa = PBXFileReference; lastKnownFileType = sourcecode.swift; path = Manager.swift; sourceTree = "<group>"; };
		9C8EDCCF2BC822A70042D449 /* CoinModel.swift */ = {isa = PBXFileReference; lastKnownFileType = sourcecode.swift; path = CoinModel.swift; sourceTree = "<group>"; };
		9C8EDCD22BC850F00042D449 /* CoinDataModel.swift */ = {isa = PBXFileReference; lastKnownFileType = sourcecode.swift; path = CoinDataModel.swift; sourceTree = "<group>"; };
		9C8EDCD42BC85ABF0042D449 /* CurrencyEnum.swift */ = {isa = PBXFileReference; lastKnownFileType = sourcecode.swift; path = CurrencyEnum.swift; sourceTree = "<group>"; };
		9C8EDCD72BC860A60042D449 /* CoinModel.xcdatamodel */ = {isa = PBXFileReference; lastKnownFileType = wrapper.xcdatamodel; path = CoinModel.xcdatamodel; sourceTree = "<group>"; };
		9C8EDCDB2BC8622F0042D449 /* Erros.swift */ = {isa = PBXFileReference; lastKnownFileType = sourcecode.swift; path = Erros.swift; sourceTree = "<group>"; };
		9C8EDCDD2BC8AAC40042D449 /* DetalheView.swift */ = {isa = PBXFileReference; lastKnownFileType = sourcecode.swift; path = DetalheView.swift; sourceTree = "<group>"; };
		9C8EDCE12BC9866E0042D449 /* FavoritosView.swift */ = {isa = PBXFileReference; lastKnownFileType = sourcecode.swift; path = FavoritosView.swift; sourceTree = "<group>"; };
/* End PBXFileReference section */

/* Begin PBXFrameworksBuildPhase section */
		9C8EDCA82BC81D120042D449 /* Frameworks */ = {
			isa = PBXFrameworksBuildPhase;
			buildActionMask = 2147483647;
			files = (
			);
			runOnlyForDeploymentPostprocessing = 0;
		};
/* End PBXFrameworksBuildPhase section */

/* Begin PBXGroup section */
		9C8EDCA22BC81D120042D449 = {
			isa = PBXGroup;
			children = (
				9C8EDCAD2BC81D120042D449 /* CoinsDDC */,
				9C8EDCAC2BC81D120042D449 /* Products */,
			);
			sourceTree = "<group>";
		};
		9C8EDCAC2BC81D120042D449 /* Products */ = {
			isa = PBXGroup;
			children = (
				9C8EDCAB2BC81D120042D449 /* CoinsDDC.app */,
			);
			name = Products;
			sourceTree = "<group>";
		};
		9C8EDCAD2BC81D120042D449 /* CoinsDDC */ = {
			isa = PBXGroup;
			children = (
				9C8EDCCE2BC8228F0042D449 /* Model */,
				9C8EDCC82BC81E340042D449 /* CoreData */,
				9C8EDCC12BC81DAD0042D449 /* Actions */,
				9C8EDCAE2BC81D120042D449 /* CoinsDDCApp.swift */,
				9C8EDCB02BC81D120042D449 /* ContentView.swift */,
				9C8EDCBC2BC81D420042D449 /* ListaViewView.swift */,
				9C8EDCE12BC9866E0042D449 /* FavoritosView.swift */,
				9C8EDCDD2BC8AAC40042D449 /* DetalheView.swift */,
				9C8EDCB22BC81D140042D449 /* Assets.xcassets */,
				9C8EDCB42BC81D140042D449 /* Preview Content */,
			);
			path = CoinsDDC;
			sourceTree = "<group>";
		};
		9C8EDCB42BC81D140042D449 /* Preview Content */ = {
			isa = PBXGroup;
			children = (
				9C8EDCB52BC81D140042D449 /* Preview Assets.xcassets */,
			);
			path = "Preview Content";
			sourceTree = "<group>";
		};
		9C8EDCC12BC81DAD0042D449 /* Actions */ = {
			isa = PBXGroup;
			children = (
				9C8EDCD22BC850F00042D449 /* CoinDataModel.swift */,
				9C8EDCDB2BC8622F0042D449 /* Erros.swift */,
			);
			path = Actions;
			sourceTree = "<group>";
		};
		9C8EDCC82BC81E340042D449 /* CoreData */ = {
			isa = PBXGroup;
			children = (
				9C8EDCD62BC860A60042D449 /* CoinModel.xcdatamodeld */,
				9C8EDCCC2BC81E790042D449 /* Manager.swift */,
			);
			path = CoreData;
			sourceTree = "<group>";
		};
		9C8EDCCE2BC8228F0042D449 /* Model */ = {
			isa = PBXGroup;
			children = (
				9C8EDCCF2BC822A70042D449 /* CoinModel.swift */,
				9C8EDCD42BC85ABF0042D449 /* CurrencyEnum.swift */,
			);
			path = Model;
			sourceTree = "<group>";
		};
/* End PBXGroup section */

/* Begin PBXNativeTarget section */
		9C8EDCAA2BC81D120042D449 /* CoinsDDC */ = {
			isa = PBXNativeTarget;
			buildConfigurationList = 9C8EDCB92BC81D140042D449 /* Build configuration list for PBXNativeTarget "CoinsDDC" */;
			buildPhases = (
				9C8EDCA72BC81D120042D449 /* Sources */,
				9C8EDCA82BC81D120042D449 /* Frameworks */,
				9C8EDCA92BC81D120042D449 /* Resources */,
			);
			buildRules = (
			);
			dependencies = (
			);
			name = CoinsDDC;
			productName = CoinsDDC;
			productReference = 9C8EDCAB2BC81D120042D449 /* CoinsDDC.app */;
			productType = "com.apple.product-type.application";
		};
/* End PBXNativeTarget section */

/* Begin PBXProject section */
		9C8EDCA32BC81D120042D449 /* Project object */ = {
			isa = PBXProject;
			attributes = {
				BuildIndependentTargetsInParallel = 1;
				LastSwiftUpdateCheck = 1530;
				LastUpgradeCheck = 1530;
				TargetAttributes = {
					9C8EDCAA2BC81D120042D449 = {
						CreatedOnToolsVersion = 15.3;
					};
				};
			};
			buildConfigurationList = 9C8EDCA62BC81D120042D449 /* Build configuration list for PBXProject "CoinsDDC" */;
			compatibilityVersion = "Xcode 14.0";
			developmentRegion = en;
			hasScannedForEncodings = 0;
			knownRegions = (
				en,
				Base,
			);
			mainGroup = 9C8EDCA22BC81D120042D449;
			productRefGroup = 9C8EDCAC2BC81D120042D449 /* Products */;
			projectDirPath = "";
			projectRoot = "";
			targets = (
				9C8EDCAA2BC81D120042D449 /* CoinsDDC */,
			);
		};
/* End PBXProject section */

/* Begin PBXResourcesBuildPhase section */
		9C8EDCA92BC81D120042D449 /* Resources */ = {
			isa = PBXResourcesBuildPhase;
			buildActionMask = 2147483647;
			files = (
				9C8EDCB62BC81D140042D449 /* Preview Assets.xcassets in Resources */,
				9C8EDCB32BC81D140042D449 /* Assets.xcassets in Resources */,
			);
			runOnlyForDeploymentPostprocessing = 0;
		};
/* End PBXResourcesBuildPhase section */

/* Begin PBXSourcesBuildPhase section */
		9C8EDCA72BC81D120042D449 /* Sources */ = {
			isa = PBXSourcesBuildPhase;
			buildActionMask = 2147483647;
			files = (
				9C8EDCBD2BC81D420042D449 /* ListaViewView.swift in Sources */,
				9C8EDCD32BC850F00042D449 /* CoinDataModel.swift in Sources */,
				9C8EDCDE2BC8AAC40042D449 /* DetalheView.swift in Sources */,
				9C8EDCCD2BC81E790042D449 /* Manager.swift in Sources */,
				9C8EDCD82BC860A60042D449 /* CoinModel.xcdatamodeld in Sources */,
				9C8EDCE22BC9866E0042D449 /* FavoritosView.swift in Sources */,
				9C8EDCB12BC81D120042D449 /* ContentView.swift in Sources */,
				9C8EDCAF2BC81D120042D449 /* CoinsDDCApp.swift in Sources */,
				9C8EDCD52BC85ABF0042D449 /* CurrencyEnum.swift in Sources */,
				9C8EDCD02BC822A70042D449 /* CoinModel.swift in Sources */,
				9C8EDCDC2BC8622F0042D449 /* Erros.swift in Sources */,
			);
			runOnlyForDeploymentPostprocessing = 0;
		};
/* End PBXSourcesBuildPhase section */

/* Begin XCBuildConfiguration section */
		9C8EDCB72BC81D140042D449 /* Debug */ = {
			isa = XCBuildConfiguration;
			buildSettings = {
				ALWAYS_SEARCH_USER_PATHS = NO;
				ASSETCATALOG_COMPILER_GENERATE_SWIFT_ASSET_SYMBOL_EXTENSIONS = YES;
				CLANG_ANALYZER_NONNULL = YES;
				CLANG_ANALYZER_NUMBER_OBJECT_CONVERSION = YES_AGGRESSIVE;
				CLANG_CXX_LANGUAGE_STANDARD = "gnu++20";
				CLANG_ENABLE_MODULES = YES;
				CLANG_ENABLE_OBJC_ARC = YES;
				CLANG_ENABLE_OBJC_WEAK = YES;
				CLANG_WARN_BLOCK_CAPTURE_AUTORELEASING = YES;
				CLANG_WARN_BOOL_CONVERSION = YES;
				CLANG_WARN_COMMA = YES;
				CLANG_WARN_CONSTANT_CONVERSION = YES;
				CLANG_WARN_DEPRECATED_OBJC_IMPLEMENTATIONS = YES;
				CLANG_WARN_DIRECT_OBJC_ISA_USAGE = YES_ERROR;
				CLANG_WARN_DOCUMENTATION_COMMENTS = YES;
				CLANG_WARN_EMPTY_BODY = YES;
				CLANG_WARN_ENUM_CONVERSION = YES;
				CLANG_WARN_INFINITE_RECURSION = YES;
				CLANG_WARN_INT_CONVERSION = YES;
				CLANG_WARN_NON_LITERAL_NULL_CONVERSION = YES;
				CLANG_WARN_OBJC_IMPLICIT_RETAIN_SELF = YES;
				CLANG_WARN_OBJC_LITERAL_CONVERSION = YES;
				CLANG_WARN_OBJC_ROOT_CLASS = YES_ERROR;
				CLANG_WARN_QUOTED_INCLUDE_IN_FRAMEWORK_HEADER = YES;
				CLANG_WARN_RANGE_LOOP_ANALYSIS = YES;
				CLANG_WARN_STRICT_PROTOTYPES = YES;
				CLANG_WARN_SUSPICIOUS_MOVE = YES;
				CLANG_WARN_UNGUARDED_AVAILABILITY = YES_AGGRESSIVE;
				CLANG_WARN_UNREACHABLE_CODE = YES;
				CLANG_WARN__DUPLICATE_METHOD_MATCH = YES;
				COPY_PHASE_STRIP = NO;
				DEBUG_INFORMATION_FORMAT = dwarf;
				ENABLE_STRICT_OBJC_MSGSEND = YES;
				ENABLE_TESTABILITY = YES;
				ENABLE_USER_SCRIPT_SANDBOXING = YES;
				GCC_C_LANGUAGE_STANDARD = gnu17;
				GCC_DYNAMIC_NO_PIC = NO;
				GCC_NO_COMMON_BLOCKS = YES;
				GCC_OPTIMIZATION_LEVEL = 0;
				GCC_PREPROCESSOR_DEFINITIONS = (
					"DEBUG=1",
					"$(inherited)",
				);
				GCC_WARN_64_TO_32_BIT_CONVERSION = YES;
				GCC_WARN_ABOUT_RETURN_TYPE = YES_ERROR;
				GCC_WARN_UNDECLARED_SELECTOR = YES;
				GCC_WARN_UNINITIALIZED_AUTOS = YES_AGGRESSIVE;
				GCC_WARN_UNUSED_FUNCTION = YES;
				GCC_WARN_UNUSED_VARIABLE = YES;
				IPHONEOS_DEPLOYMENT_TARGET = 17.4;
				LOCALIZATION_PREFERS_STRING_CATALOGS = YES;
				MTL_ENABLE_DEBUG_INFO = INCLUDE_SOURCE;
				MTL_FAST_MATH = YES;
				ONLY_ACTIVE_ARCH = YES;
				SDKROOT = iphoneos;
				SWIFT_ACTIVE_COMPILATION_CONDITIONS = "DEBUG $(inherited)";
				SWIFT_OPTIMIZATION_LEVEL = "-Onone";
			};
			name = Debug;
		};
		9C8EDCB82BC81D140042D449 /* Release */ = {
			isa = XCBuildConfiguration;
			buildSettings = {
				ALWAYS_SEARCH_USER_PATHS = NO;
				ASSETCATALOG_COMPILER_GENERATE_SWIFT_ASSET_SYMBOL_EXTENSIONS = YES;
				CLANG_ANALYZER_NONNULL = YES;
				CLANG_ANALYZER_NUMBER_OBJECT_CONVERSION = YES_AGGRESSIVE;
				CLANG_CXX_LANGUAGE_STANDARD = "gnu++20";
				CLANG_ENABLE_MODULES = YES;
				CLANG_ENABLE_OBJC_ARC = YES;
				CLANG_ENABLE_OBJC_WEAK = YES;
				CLANG_WARN_BLOCK_CAPTURE_AUTORELEASING = YES;
				CLANG_WARN_BOOL_CONVERSION = YES;
				CLANG_WARN_COMMA = YES;
				CLANG_WARN_CONSTANT_CONVERSION = YES;
				CLANG_WARN_DEPRECATED_OBJC_IMPLEMENTATIONS = YES;
				CLANG_WARN_DIRECT_OBJC_ISA_USAGE = YES_ERROR;
				CLANG_WARN_DOCUMENTATION_COMMENTS = YES;
				CLANG_WARN_EMPTY_BODY = YES;
				CLANG_WARN_ENUM_CONVERSION = YES;
				CLANG_WARN_INFINITE_RECURSION = YES;
				CLANG_WARN_INT_CONVERSION = YES;
				CLANG_WARN_NON_LITERAL_NULL_CONVERSION = YES;
				CLANG_WARN_OBJC_IMPLICIT_RETAIN_SELF = YES;
				CLANG_WARN_OBJC_LITERAL_CONVERSION = YES;
				CLANG_WARN_OBJC_ROOT_CLASS = YES_ERROR;
				CLANG_WARN_QUOTED_INCLUDE_IN_FRAMEWORK_HEADER = YES;
				CLANG_WARN_RANGE_LOOP_ANALYSIS = YES;
				CLANG_WARN_STRICT_PROTOTYPES = YES;
				CLANG_WARN_SUSPICIOUS_MOVE = YES;
				CLANG_WARN_UNGUARDED_AVAILABILITY = YES_AGGRESSIVE;
				CLANG_WARN_UNREACHABLE_CODE = YES;
				CLANG_WARN__DUPLICATE_METHOD_MATCH = YES;
				COPY_PHASE_STRIP = NO;
				DEBUG_INFORMATION_FORMAT = "dwarf-with-dsym";
				ENABLE_NS_ASSERTIONS = NO;
				ENABLE_STRICT_OBJC_MSGSEND = YES;
				ENABLE_USER_SCRIPT_SANDBOXING = YES;
				GCC_C_LANGUAGE_STANDARD = gnu17;
				GCC_NO_COMMON_BLOCKS = YES;
				GCC_WARN_64_TO_32_BIT_CONVERSION = YES;
				GCC_WARN_ABOUT_RETURN_TYPE = YES_ERROR;
				GCC_WARN_UNDECLARED_SELECTOR = YES;
				GCC_WARN_UNINITIALIZED_AUTOS = YES_AGGRESSIVE;
				GCC_WARN_UNUSED_FUNCTION = YES;
				GCC_WARN_UNUSED_VARIABLE = YES;
				IPHONEOS_DEPLOYMENT_TARGET = 17.4;
				LOCALIZATION_PREFERS_STRING_CATALOGS = YES;
				MTL_ENABLE_DEBUG_INFO = NO;
				MTL_FAST_MATH = YES;
				SDKROOT = iphoneos;
				SWIFT_COMPILATION_MODE = wholemodule;
				VALIDATE_PRODUCT = YES;
			};
			name = Release;
		};
		9C8EDCBA2BC81D140042D449 /* Debug */ = {
			isa = XCBuildConfiguration;
			buildSettings = {
				ASSETCATALOG_COMPILER_APPICON_NAME = AppIcon;
				ASSETCATALOG_COMPILER_GLOBAL_ACCENT_COLOR_NAME = AccentColor;
				CODE_SIGN_STYLE = Automatic;
				CURRENT_PROJECT_VERSION = 1;
				DEVELOPMENT_ASSET_PATHS = "\"CoinsDDC/Preview Content\"";
				DEVELOPMENT_TEAM = 392C3Y3Z55;
				ENABLE_PREVIEWS = YES;
				GENERATE_INFOPLIST_FILE = YES;
				INFOPLIST_KEY_UIApplicationSceneManifest_Generation = YES;
				INFOPLIST_KEY_UIApplicationSupportsIndirectInputEvents = YES;
				INFOPLIST_KEY_UILaunchScreen_Generation = YES;
				INFOPLIST_KEY_UISupportedInterfaceOrientations_iPad = "UIInterfaceOrientationPortrait UIInterfaceOrientationPortraitUpsideDown UIInterfaceOrientationLandscapeLeft UIInterfaceOrientationLandscapeRight";
				INFOPLIST_KEY_UISupportedInterfaceOrientations_iPhone = "UIInterfaceOrientationPortrait UIInterfaceOrientationLandscapeLeft UIInterfaceOrientationLandscapeRight";
				LD_RUNPATH_SEARCH_PATHS = (
					"$(inherited)",
					"@executable_path/Frameworks",
				);
				MARKETING_VERSION = 1.0;
				PRODUCT_BUNDLE_IDENTIFIER = Victor.CoinsDDC;
				PRODUCT_NAME = "$(TARGET_NAME)";
				SWIFT_EMIT_LOC_STRINGS = YES;
				SWIFT_VERSION = 5.0;
				TARGETED_DEVICE_FAMILY = "1,2";
			};
			name = Debug;
		};
		9C8EDCBB2BC81D140042D449 /* Release */ = {
			isa = XCBuildConfiguration;
			buildSettings = {
				ASSETCATALOG_COMPILER_APPICON_NAME = AppIcon;
				ASSETCATALOG_COMPILER_GLOBAL_ACCENT_COLOR_NAME = AccentColor;
				CODE_SIGN_STYLE = Automatic;
				CURRENT_PROJECT_VERSION = 1;
				DEVELOPMENT_ASSET_PATHS = "\"CoinsDDC/Preview Content\"";
				DEVELOPMENT_TEAM = 392C3Y3Z55;
				ENABLE_PREVIEWS = YES;
				GENERATE_INFOPLIST_FILE = YES;
				INFOPLIST_KEY_UIApplicationSceneManifest_Generation = YES;
				INFOPLIST_KEY_UIApplicationSupportsIndirectInputEvents = YES;
				INFOPLIST_KEY_UILaunchScreen_Generation = YES;
				INFOPLIST_KEY_UISupportedInterfaceOrientations_iPad = "UIInterfaceOrientationPortrait UIInterfaceOrientationPortraitUpsideDown UIInterfaceOrientationLandscapeLeft UIInterfaceOrientationLandscapeRight";
				INFOPLIST_KEY_UISupportedInterfaceOrientations_iPhone = "UIInterfaceOrientationPortrait UIInterfaceOrientationLandscapeLeft UIInterfaceOrientationLandscapeRight";
				LD_RUNPATH_SEARCH_PATHS = (
					"$(inherited)",
					"@executable_path/Frameworks",
				);
				MARKETING_VERSION = 1.0;
				PRODUCT_BUNDLE_IDENTIFIER = Victor.CoinsDDC;
				PRODUCT_NAME = "$(TARGET_NAME)";
				SWIFT_EMIT_LOC_STRINGS = YES;
				SWIFT_VERSION = 5.0;
				TARGETED_DEVICE_FAMILY = "1,2";
			};
			name = Release;
		};
/* End XCBuildConfiguration section */

/* Begin XCConfigurationList section */
		9C8EDCA62BC81D120042D449 /* Build configuration list for PBXProject "CoinsDDC" */ = {
			isa = XCConfigurationList;
			buildConfigurations = (
				9C8EDCB72BC81D140042D449 /* Debug */,
				9C8EDCB82BC81D140042D449 /* Release */,
			);
			defaultConfigurationIsVisible = 0;
			defaultConfigurationName = Release;
		};
		9C8EDCB92BC81D140042D449 /* Build configuration list for PBXNativeTarget "CoinsDDC" */ = {
			isa = XCConfigurationList;
			buildConfigurations = (
				9C8EDCBA2BC81D140042D449 /* Debug */,
				9C8EDCBB2BC81D140042D449 /* Release */,
			);
			defaultConfigurationIsVisible = 0;
			defaultConfigurationName = Release;
		};
/* End XCConfigurationList section */

/* Begin XCVersionGroup section */
		9C8EDCD62BC860A60042D449 /* CoinModel.xcdatamodeld */ = {
			isa = XCVersionGroup;
			children = (
				9C8EDCD72BC860A60042D449 /* CoinModel.xcdatamodel */,
			);
			currentVersion = 9C8EDCD72BC860A60042D449 /* CoinModel.xcdatamodel */;
			name = CoinModel.xcdatamodeld;
			path = /Users/victorassis/Documents/Git_AJ/CoinsDDC/CoinsDDC/CoinsDDC/CoreData/CoinModel.xcdatamodeld;
			sourceTree = "<group>";
			versionGroupType = wrapper.xcdatamodel;
		};
/* End XCVersionGroup section */
	};
	rootObject = 9C8EDCA32BC81D120042D449 /* Project object */;
}
